// !$*UTF8*$!
{
	archiveVersion = 1;
	classes = {
	};
	objectVersion = 46;
	objects = {

/* Begin PBXBuildFile section */
		E20BB06C1D3C6D0000119A94 /* TrieModel.xcdatamodeld in Sources */ = {isa = PBXBuildFile; fileRef = E20BB06A1D3C6D0000119A94 /* TrieModel.xcdatamodeld */; };
		E23755C01CD536A0000B26B0 /* AppDelegate.swift in Sources */ = {isa = PBXBuildFile; fileRef = E23755BF1CD536A0000B26B0 /* AppDelegate.swift */; };
		E23755C21CD536A0000B26B0 /* CentralViewController.swift in Sources */ = {isa = PBXBuildFile; fileRef = E23755C11CD536A0000B26B0 /* CentralViewController.swift */; };
		E23755C51CD536A0000B26B0 /* Main.storyboard in Resources */ = {isa = PBXBuildFile; fileRef = E23755C31CD536A0000B26B0 /* Main.storyboard */; };
		E23755C71CD536A0000B26B0 /* Assets.xcassets in Resources */ = {isa = PBXBuildFile; fileRef = E23755C61CD536A0000B26B0 /* Assets.xcassets */; };
		E23755CA1CD536A0000B26B0 /* LaunchScreen.storyboard in Resources */ = {isa = PBXBuildFile; fileRef = E23755C81CD536A0000B26B0 /* LaunchScreen.storyboard */; };
		E23755D21CD5413D000B26B0 /* TrieManager.swift in Sources */ = {isa = PBXBuildFile; fileRef = E23755D11CD5413D000B26B0 /* TrieManager.swift */; };
		E24DC6361D3F344A00472F33 /* TrieEntity.swift in Sources */ = {isa = PBXBuildFile; fileRef = E24DC6341D3F344A00472F33 /* TrieEntity.swift */; };
		E24DC63A1D4423D700472F33 /* CoreDataStore.swift in Sources */ = {isa = PBXBuildFile; fileRef = E24DC6391D4423D700472F33 /* CoreDataStore.swift */; };
		E28227661D4C1E60009FEA9B /* Dictionary+Combining.swift in Sources */ = {isa = PBXBuildFile; fileRef = E28227651D4C1E60009FEA9B /* Dictionary+Combining.swift */; };
		E2BD20041D035D4700B78A91 /* TrieNode.swift in Sources */ = {isa = PBXBuildFile; fileRef = E2BD20031D035D4700B78A91 /* TrieNode.swift */; };
		E2BD20061D03711B00B78A91 /* WordList.txt in Resources */ = {isa = PBXBuildFile; fileRef = E2BD20051D03711B00B78A91 /* WordList.txt */; };
/* End PBXBuildFile section */

/* Begin PBXFileReference section */
		E20BB06B1D3C6D0000119A94 /* TrieModel.xcdatamodel */ = {isa = PBXFileReference; lastKnownFileType = wrapper.xcdatamodel; path = TrieModel.xcdatamodel; sourceTree = "<group>"; };
		E23755BC1CD536A0000B26B0 /* Letter Sort.app */ = {isa = PBXFileReference; explicitFileType = wrapper.application; includeInIndex = 0; path = "Letter Sort.app"; sourceTree = BUILT_PRODUCTS_DIR; };
		E23755BF1CD536A0000B26B0 /* AppDelegate.swift */ = {isa = PBXFileReference; lastKnownFileType = sourcecode.swift; path = AppDelegate.swift; sourceTree = "<group>"; };
		E23755C11CD536A0000B26B0 /* CentralViewController.swift */ = {isa = PBXFileReference; lastKnownFileType = sourcecode.swift; path = CentralViewController.swift; sourceTree = "<group>"; };
		E23755C41CD536A0000B26B0 /* Base */ = {isa = PBXFileReference; lastKnownFileType = file.storyboard; name = Base; path = Base.lproj/Main.storyboard; sourceTree = "<group>"; };
		E23755C61CD536A0000B26B0 /* Assets.xcassets */ = {isa = PBXFileReference; lastKnownFileType = folder.assetcatalog; path = Assets.xcassets; sourceTree = "<group>"; };
		E23755C91CD536A0000B26B0 /* Base */ = {isa = PBXFileReference; lastKnownFileType = file.storyboard; name = Base; path = Base.lproj/LaunchScreen.storyboard; sourceTree = "<group>"; };
		E23755CB1CD536A0000B26B0 /* Info.plist */ = {isa = PBXFileReference; lastKnownFileType = text.plist.xml; path = Info.plist; sourceTree = "<group>"; };
		E23755D11CD5413D000B26B0 /* TrieManager.swift */ = {isa = PBXFileReference; fileEncoding = 4; lastKnownFileType = sourcecode.swift; path = TrieManager.swift; sourceTree = "<group>"; };
		E24DC6341D3F344A00472F33 /* TrieEntity.swift */ = {isa = PBXFileReference; fileEncoding = 4; lastKnownFileType = sourcecode.swift; path = TrieEntity.swift; sourceTree = "<group>"; };
		E24DC6391D4423D700472F33 /* CoreDataStore.swift */ = {isa = PBXFileReference; fileEncoding = 4; lastKnownFileType = sourcecode.swift; path = CoreDataStore.swift; sourceTree = "<group>"; };
		E28227651D4C1E60009FEA9B /* Dictionary+Combining.swift */ = {isa = PBXFileReference; fileEncoding = 4; lastKnownFileType = sourcecode.swift; name = "Dictionary+Combining.swift"; path = "Letter Sort/Dictionary+Combining.swift"; sourceTree = "<group>"; };
		E2BD20031D035D4700B78A91 /* TrieNode.swift */ = {isa = PBXFileReference; fileEncoding = 4; lastKnownFileType = sourcecode.swift; path = TrieNode.swift; sourceTree = "<group>"; };
		E2BD20051D03711B00B78A91 /* WordList.txt */ = {isa = PBXFileReference; fileEncoding = 4; lastKnownFileType = text; path = WordList.txt; sourceTree = "<group>"; };
/* End PBXFileReference section */

/* Begin PBXFrameworksBuildPhase section */
		E23755B91CD536A0000B26B0 /* Frameworks */ = {
			isa = PBXFrameworksBuildPhase;
			buildActionMask = 2147483647;
			files = (
			);
			runOnlyForDeploymentPostprocessing = 0;
		};
/* End PBXFrameworksBuildPhase section */

/* Begin PBXGroup section */
		E23755B31CD536A0000B26B0 = {
			isa = PBXGroup;
			children = (
				E28227651D4C1E60009FEA9B /* Dictionary+Combining.swift */,
				E23755BE1CD536A0000B26B0 /* Letter Sort */,
				E23755BD1CD536A0000B26B0 /* Products */,
			);
			sourceTree = "<group>";
		};
		E23755BD1CD536A0000B26B0 /* Products */ = {
			isa = PBXGroup;
			children = (
				E23755BC1CD536A0000B26B0 /* Letter Sort.app */,
			);
			name = Products;
			sourceTree = "<group>";
		};
		E23755BE1CD536A0000B26B0 /* Letter Sort */ = {
			isa = PBXGroup;
			children = (
				E23755BF1CD536A0000B26B0 /* AppDelegate.swift */,
				E23755C11CD536A0000B26B0 /* CentralViewController.swift */,
				E23755D11CD5413D000B26B0 /* TrieManager.swift */,
				E20BB06A1D3C6D0000119A94 /* TrieModel.xcdatamodeld */,
				E24DC6341D3F344A00472F33 /* TrieEntity.swift */,
				E2BD20031D035D4700B78A91 /* TrieNode.swift */,
				E24DC6391D4423D700472F33 /* CoreDataStore.swift */,
				E23755C31CD536A0000B26B0 /* Main.storyboard */,
				E23755C61CD536A0000B26B0 /* Assets.xcassets */,
				E23755C81CD536A0000B26B0 /* LaunchScreen.storyboard */,
				E23755CB1CD536A0000B26B0 /* Info.plist */,
				E2BD20051D03711B00B78A91 /* WordList.txt */,
			);
			path = "Letter Sort";
			sourceTree = "<group>";
		};
/* End PBXGroup section */

/* Begin PBXNativeTarget section */
		E23755BB1CD536A0000B26B0 /* Letter Sort */ = {
			isa = PBXNativeTarget;
			buildConfigurationList = E23755CE1CD536A0000B26B0 /* Build configuration list for PBXNativeTarget "Letter Sort" */;
			buildPhases = (
				E23755B81CD536A0000B26B0 /* Sources */,
				E23755B91CD536A0000B26B0 /* Frameworks */,
				E23755BA1CD536A0000B26B0 /* Resources */,
			);
			buildRules = (
			);
			dependencies = (
			);
			name = "Letter Sort";
			productName = "Letter Sort";
			productReference = E23755BC1CD536A0000B26B0 /* Letter Sort.app */;
			productType = "com.apple.product-type.application";
		};
/* End PBXNativeTarget section */

/* Begin PBXProject section */
		E23755B41CD536A0000B26B0 /* Project object */ = {
			isa = PBXProject;
			attributes = {
				LastSwiftUpdateCheck = 0730;
				LastUpgradeCheck = 0730;
				ORGANIZATIONNAME = Ruckt;
				TargetAttributes = {
					E23755BB1CD536A0000B26B0 = {
						CreatedOnToolsVersion = 7.3;
					};
				};
			};
			buildConfigurationList = E23755B71CD536A0000B26B0 /* Build configuration list for PBXProject "Letter Sort" */;
			compatibilityVersion = "Xcode 3.2";
			developmentRegion = English;
			hasScannedForEncodings = 0;
			knownRegions = (
				en,
				Base,
			);
			mainGroup = E23755B31CD536A0000B26B0;
			productRefGroup = E23755BD1CD536A0000B26B0 /* Products */;
			projectDirPath = "";
			projectRoot = "";
			targets = (
				E23755BB1CD536A0000B26B0 /* Letter Sort */,
			);
		};
/* End PBXProject section */

/* Begin PBXResourcesBuildPhase section */
		E23755BA1CD536A0000B26B0 /* Resources */ = {
			isa = PBXResourcesBuildPhase;
			buildActionMask = 2147483647;
			files = (
				E23755CA1CD536A0000B26B0 /* LaunchScreen.storyboard in Resources */,
				E23755C71CD536A0000B26B0 /* Assets.xcassets in Resources */,
				E2BD20061D03711B00B78A91 /* WordList.txt in Resources */,
				E23755C51CD536A0000B26B0 /* Main.storyboard in Resources */,
			);
			runOnlyForDeploymentPostprocessing = 0;
		};
/* End PBXResourcesBuildPhase section */

/* Begin PBXSourcesBuildPhase section */
		E23755B81CD536A0000B26B0 /* Sources */ = {
			isa = PBXSourcesBuildPhase;
			buildActionMask = 2147483647;
			files = (
				E24DC63A1D4423D700472F33 /* CoreDataStore.swift in Sources */,
				E23755D21CD5413D000B26B0 /* TrieManager.swift in Sources */,
				E24DC6361D3F344A00472F33 /* TrieEntity.swift in Sources */,
				E20BB06C1D3C6D0000119A94 /* TrieModel.xcdatamodeld in Sources */,
				E28227661D4C1E60009FEA9B /* Dictionary+Combining.swift in Sources */,
				E23755C21CD536A0000B26B0 /* CentralViewController.swift in Sources */,
				E23755C01CD536A0000B26B0 /* AppDelegate.swift in Sources */,
				E2BD20041D035D4700B78A91 /* TrieNode.swift in Sources */,
			);
			runOnlyForDeploymentPostprocessing = 0;
		};
/* End PBXSourcesBuildPhase section */

/* Begin PBXVariantGroup section */
		E23755C31CD536A0000B26B0 /* Main.storyboard */ = {
			isa = PBXVariantGroup;
			children = (
				E23755C41CD536A0000B26B0 /* Base */,
			);
			name = Main.storyboard;
			sourceTree = "<group>";
		};
		E23755C81CD536A0000B26B0 /* LaunchScreen.storyboard */ = {
			isa = PBXVariantGroup;
			children = (
				E23755C91CD536A0000B26B0 /* Base */,
			);
			name = LaunchScreen.storyboard;
			sourceTree = "<group>";
		};
/* End PBXVariantGroup section */

/* Begin XCBuildConfiguration section */
		E23755CC1CD536A0000B26B0 /* Debug */ = {
			isa = XCBuildConfiguration;
			buildSettings = {
				ALWAYS_SEARCH_USER_PATHS = NO;
				CLANG_ANALYZER_NONNULL = YES;
				CLANG_CXX_LANGUAGE_STANDARD = "gnu++0x";
				CLANG_CXX_LIBRARY = "libc++";
				CLANG_ENABLE_MODULES = YES;
				CLANG_ENABLE_OBJC_ARC = YES;
				CLANG_WARN_BOOL_CONVERSION = YES;
				CLANG_WARN_CONSTANT_CONVERSION = YES;
				CLANG_WARN_DIRECT_OBJC_ISA_USAGE = YES_ERROR;
				CLANG_WARN_EMPTY_BODY = YES;
				CLANG_WARN_ENUM_CONVERSION = YES;
				CLANG_WARN_INT_CONVERSION = YES;
				CLANG_WARN_OBJC_ROOT_CLASS = YES_ERROR;
				CLANG_WARN_UNREACHABLE_CODE = YES;
				CLANG_WARN__DUPLICATE_METHOD_MATCH = YES;
				"CODE_SIGN_IDENTITY[sdk=iphoneos*]" = "iPhone Developer";
				COPY_PHASE_STRIP = NO;
				DEBUG_INFORMATION_FORMAT = dwarf;
				ENABLE_STRICT_OBJC_MSGSEND = YES;
				ENABLE_TESTABILITY = YES;
				GCC_C_LANGUAGE_STANDARD = gnu99;
				GCC_DYNAMIC_NO_PIC = NO;
				GCC_NO_COMMON_BLOCKS = YES;
				GCC_OPTIMIZATION_LEVEL = 0;
				GCC_PREPROCESSOR_DEFINITIONS = (
					"DEBUG=1",
					"$(inherited)",
				);
				GCC_WARN_64_TO_32_BIT_CONVERSION = YES;
				GCC_WARN_ABOUT_RETURN_TYPE = YES_ERROR;
				GCC_WARN_UNDECLARED_SELECTOR = YES;
				GCC_WARN_UNINITIALIZED_AUTOS = YES_AGGRESSIVE;
				GCC_WARN_UNUSED_FUNCTION = YES;
				GCC_WARN_UNUSED_VARIABLE = YES;
				IPHONEOS_DEPLOYMENT_TARGET = 9.3;
				MTL_ENABLE_DEBUG_INFO = YES;
				ONLY_ACTIVE_ARCH = YES;
				SDKROOT = iphoneos;
				SWIFT_OPTIMIZATION_LEVEL = "-Onone";
				TARGETED_DEVICE_FAMILY = "1,2";
			};
			name = Debug;
		};
		E23755CD1CD536A0000B26B0 /* Release */ = {
			isa = XCBuildConfiguration;
			buildSettings = {
				ALWAYS_SEARCH_USER_PATHS = NO;
				CLANG_ANALYZER_NONNULL = YES;
				CLANG_CXX_LANGUAGE_STANDARD = "gnu++0x";
				CLANG_CXX_LIBRARY = "libc++";
				CLANG_ENABLE_MODULES = YES;
				CLANG_ENABLE_OBJC_ARC = YES;
				CLANG_WARN_BOOL_CONVERSION = YES;
				CLANG_WARN_CONSTANT_CONVERSION = YES;
				CLANG_WARN_DIRECT_OBJC_ISA_USAGE = YES_ERROR;
				CLANG_WARN_EMPTY_BODY = YES;
				CLANG_WARN_ENUM_CONVERSION = YES;
				CLANG_WARN_INT_CONVERSION = YES;
				CLANG_WARN_OBJC_ROOT_CLASS = YES_ERROR;
				CLANG_WARN_UNREACHABLE_CODE = YES;
				CLANG_WARN__DUPLICATE_METHOD_MATCH = YES;
				"CODE_SIGN_IDENTITY[sdk=iphoneos*]" = "iPhone Developer";
				COPY_PHASE_STRIP = NO;
				DEBUG_INFORMATION_FORMAT = "dwarf-with-dsym";
				ENABLE_NS_ASSERTIONS = NO;
				ENABLE_STRICT_OBJC_MSGSEND = YES;
				GCC_C_LANGUAGE_STANDARD = gnu99;
				GCC_NO_COMMON_BLOCKS = YES;
				GCC_WARN_64_TO_32_BIT_CONVERSION = YES;
				GCC_WARN_ABOUT_RETURN_TYPE = YES_ERROR;
				GCC_WARN_UNDECLARED_SELECTOR = YES;
				GCC_WARN_UNINITIALIZED_AUTOS = YES_AGGRESSIVE;
				GCC_WARN_UNUSED_FUNCTION = YES;
				GCC_WARN_UNUSED_VARIABLE = YES;
				IPHONEOS_DEPLOYMENT_TARGET = 9.3;
				MTL_ENABLE_DEBUG_INFO = NO;
				SDKROOT = iphoneos;
				TARGETED_DEVICE_FAMILY = "1,2";
				VALIDATE_PRODUCT = YES;
			};
			name = Release;
		};
		E23755CF1CD536A0000B26B0 /* Debug */ = {
			isa = XCBuildConfiguration;
			buildSettings = {
				ASSETCATALOG_COMPILER_APPICON_NAME = AppIcon;
				INFOPLIST_FILE = "Letter Sort/Info.plist";
				LD_RUNPATH_SEARCH_PATHS = "$(inherited) @executable_path/Frameworks";
				PRODUCT_BUNDLE_IDENTIFIER = "com.ruckt.Letter-Sort";
				PRODUCT_NAME = "$(TARGET_NAME)";
			};
			name = Debug;
		};
		E23755D01CD536A0000B26B0 /* Release */ = {
			isa = XCBuildConfiguration;
			buildSettings = {
				ASSETCATALOG_COMPILER_APPICON_NAME = AppIcon;
				INFOPLIST_FILE = "Letter Sort/Info.plist";
				LD_RUNPATH_SEARCH_PATHS = "$(inherited) @executable_path/Frameworks";
				PRODUCT_BUNDLE_IDENTIFIER = "com.ruckt.Letter-Sort";
				PRODUCT_NAME = "$(TARGET_NAME)";
			};
			name = Release;
		};
/* End XCBuildConfiguration section */

/* Begin XCConfigurationList section */
		E23755B71CD536A0000B26B0 /* Build configuration list for PBXProject "Letter Sort" */ = {
			isa = XCConfigurationList;
			buildConfigurations = (
				E23755CC1CD536A0000B26B0 /* Debug */,
				E23755CD1CD536A0000B26B0 /* Release */,
			);
			defaultConfigurationIsVisible = 0;
			defaultConfigurationName = Release;
		};
		E23755CE1CD536A0000B26B0 /* Build configuration list for PBXNativeTarget "Letter Sort" */ = {
			isa = XCConfigurationList;
			buildConfigurations = (
				E23755CF1CD536A0000B26B0 /* Debug */,
				E23755D01CD536A0000B26B0 /* Release */,
			);
			defaultConfigurationIsVisible = 0;
			defaultConfigurationName = Release;
		};
/* End XCConfigurationList section */

/* Begin XCVersionGroup section */
		E20BB06A1D3C6D0000119A94 /* TrieModel.xcdatamodeld */ = {
			isa = XCVersionGroup;
			children = (
				E20BB06B1D3C6D0000119A94 /* TrieModel.xcdatamodel */,
			);
			currentVersion = E20BB06B1D3C6D0000119A94 /* TrieModel.xcdatamodel */;
			path = TrieModel.xcdatamodeld;
			sourceTree = "<group>";
			versionGroupType = wrapper.xcdatamodel;
		};
/* End XCVersionGroup section */
	};
	rootObject = E23755B41CD536A0000B26B0 /* Project object */;
}
